
Microsoft Visual Studio Solution File, Format Version 12.00
# Visual Studio Version 16
VisualStudioVersion = 16.0.29709.97
MinimumVisualStudioVersion = 10.0.40219.1
Project("{FAE04EC0-301F-11D3-BF4B-00C04F79EFBC}") = "list_node_serialize", "list_node_serialize\list_node_serialize.csproj", "{7D6BFC6C-F2FE-462D-A8C9-FAFB25FDC043}"
EndProject
Global
	GlobalSection(SolutionConfigurationPlatforms) = preSolution
		Debug|Any CPU = Debug|Any CPU
		Release|Any CPU = Release|Any CPU
	EndGlobalSection
	GlobalSection(ProjectConfigurationPlatforms) = postSolution
		{7D6BFC6C-F2FE-462D-A8C9-FAFB25FDC043}.Debug|Any CPU.ActiveCfg = Debug|Any CPU
		{7D6BFC6C-F2FE-462D-A8C9-FAFB25FDC043}.Debug|Any CPU.Build.0 = Debug|Any CPU
		{7D6BFC6C-F2FE-462D-A8C9-FAFB25FDC043}.Release|Any CPU.ActiveCfg = Release|Any CPU
		{7D6BFC6C-F2FE-462D-A8C9-FAFB25FDC043}.Release|Any CPU.Build.0 = Release|Any CPU
	EndGlobalSection
	GlobalSection(SolutionProperties) = preSolution
		HideSolutionNode = FALSE
	EndGlobalSection
	GlobalSection(ExtensibilityGlobals) = postSolution
		SolutionGuid = {6A3D8BA4-17A2-436C-94B4-18C906CB4E6E}
	EndGlobalSection
EndGlobal
